<?xml version="1.0" encoding="utf-8"?>
<Project ToolsVersion="4.0" xmlns="http://schemas.microsoft.com/developer/msbuild/2003">
  <ItemGroup>
    <Filter Include="Archivos de origen">
      <UniqueIdentifier>{4FC737F1-C7A5-4376-A066-2A32D752A2FF}</UniqueIdentifier>
      <Extensions>cpp;c;cc;cxx;c++;cppm;ixx;def;odl;idl;hpj;bat;asm;asmx</Extensions>
    </Filter>
    <Filter Include="Archivos de encabezado">
      <UniqueIdentifier>{93995380-89BD-4b04-88EB-625FBE52EBFB}</UniqueIdentifier>
      <Extensions>h;hh;hpp;hxx;h++;hm;inl;inc;ipp;xsd</Extensions>
    </Filter>
    <Filter Include="Archivos de recursos">
      <UniqueIdentifier>{67DA6AB6-F800-4c08-8B7A-83BB121AAD01}</UniqueIdentifier>
      <Extensions>rc;ico;cur;bmp;dlg;rc2;rct;bin;rgs;gif;jpg;jpeg;jpe;resx;tiff;tif;png;wav;mfcribbon-ms</Extensions>
    </Filter>
    <Filter Include="Archivos de encabezado\GEFigures">
      <UniqueIdentifier>{ddb381dc-d860-4f22-a12d-a394133bfdfe}</UniqueIdentifier>
    </Filter>
    <Filter Include="Archivos de origen\GEFigures">
      <UniqueIdentifier>{2e66b642-7ac5-45aa-a538-f1fe99487b64}</UniqueIdentifier>
    </Filter>
    <Filter Include="Archivos de origen\GEComputeShader">
      <UniqueIdentifier>{fb14d644-3ad5-4918-9f77-596d421140c5}</UniqueIdentifier>
    </Filter>
    <Filter Include="Archivos de encabezado\GEComputeShader">
      <UniqueIdentifier>{6c5dfb13-d92b-4974-b935-084eabeef461}</UniqueIdentifier>
    </Filter>
    <Filter Include="Archivos de encabezado\GEBuffers">
      <UniqueIdentifier>{8639e923-ead6-4e76-994f-deb0dd2158b7}</UniqueIdentifier>
    </Filter>
    <Filter Include="Archivos de encabezado\GEContexts">
      <UniqueIdentifier>{bdc4b770-2927-4d3a-aea5-4297cf059a44}</UniqueIdentifier>
    </Filter>
    <Filter Include="Archivos de encabezado\GEStructs">
      <UniqueIdentifier>{fe5591bb-4af2-497b-86bc-15483a48256c}</UniqueIdentifier>
    </Filter>
    <Filter Include="Archivos de origen\GEBuffers">
      <UniqueIdentifier>{4c329a9d-0a8d-4f36-ac25-3c0e64b54e59}</UniqueIdentifier>
    </Filter>
    <Filter Include="Archivos de origen\GEContexts">
      <UniqueIdentifier>{01b21510-0500-4e4b-bd82-f845ee1836fa}</UniqueIdentifier>
    </Filter>
  </ItemGroup>
  <ItemGroup>
    <ClCompile Include="main.cpp">
      <Filter>Archivos de origen</Filter>
    </ClCompile>
    <ClCompile Include="GEApplication.cpp">
      <Filter>Archivos de origen</Filter>
    </ClCompile>
    <ClCompile Include="GECamera.cpp">
      <Filter>Archivos de origen</Filter>
    </ClCompile>
    <ClCompile Include="GEScene.cpp">
      <Filter>Archivos de origen</Filter>
    </ClCompile>
    <ClCompile Include="GETorus.cpp">
      <Filter>Archivos de origen\GEFigures</Filter>
    </ClCompile>
    <ClCompile Include="GESphere.cpp">
      <Filter>Archivos de origen\GEFigures</Filter>
    </ClCompile>
    <ClCompile Include="GEPyramid.cpp">
      <Filter>Archivos de origen\GEFigures</Filter>
    </ClCompile>
    <ClCompile Include="GEIcosahedron.cpp">
      <Filter>Archivos de origen\GEFigures</Filter>
    </ClCompile>
    <ClCompile Include="GEGround.cpp">
      <Filter>Archivos de origen\GEFigures</Filter>
    </ClCompile>
    <ClCompile Include="GEFigure.cpp">
      <Filter>Archivos de origen\GEFigures</Filter>
    </ClCompile>
    <ClCompile Include="GECylinder.cpp">
      <Filter>Archivos de origen\GEFigures</Filter>
    </ClCompile>
    <ClCompile Include="GECube.cpp">
      <Filter>Archivos de origen\GEFigures</Filter>
    </ClCompile>
    <ClCompile Include="GECone.cpp">
      <Filter>Archivos de origen\GEFigures</Filter>
    </ClCompile>
    <ClCompile Include="GEParticlesSystem.cpp">
      <Filter>Archivos de origen\GEComputeShader</Filter>
    </ClCompile>
    <ClCompile Include="GEComputeShader.cpp">
      <Filter>Archivos de origen\GEComputeShader</Filter>
    </ClCompile>
    <ClCompile Include="GEParticleBuffer.cpp">
      <Filter>Archivos de origen\GEComputeShader</Filter>
    </ClCompile>
    <ClCompile Include="GEDisk.cpp">
      <Filter>Archivos de origen\GEFigures</Filter>
    </ClCompile>
    <ClCompile Include="GEHumo.cpp">
      <Filter>Archivos de origen\GEComputeShader</Filter>
    </ClCompile>
    <ClCompile Include="GEFuego.cpp">
      <Filter>Archivos de origen\GEComputeShader</Filter>
    </ClCompile>
    <ClCompile Include="GEObject.cpp">
      <Filter>Archivos de origen\GEFigures</Filter>
    </ClCompile>
    <ClCompile Include="GEPiece.cpp">
      <Filter>Archivos de origen\GEFigures</Filter>
    </ClCompile>
    <ClCompile Include="GEDepthBuffer.cpp">
      <Filter>Archivos de origen\GEBuffers</Filter>
    </ClCompile>
    <ClCompile Include="GEDescriptorSet.cpp">
      <Filter>Archivos de origen\GEBuffers</Filter>
    </ClCompile>
    <ClCompile Include="GEIndexBuffer.cpp">
      <Filter>Archivos de origen\GEBuffers</Filter>
    </ClCompile>
    <ClCompile Include="GEUniformBuffer.cpp">
      <Filter>Archivos de origen\GEBuffers</Filter>
    </ClCompile>
    <ClCompile Include="GEVertexBuffer.cpp">
      <Filter>Archivos de origen\GEBuffers</Filter>
    </ClCompile>
    <ClCompile Include="GETexture.cpp">
      <Filter>Archivos de origen\GEBuffers</Filter>
    </ClCompile>
    <ClCompile Include="GECommandContext.cpp">
      <Filter>Archivos de origen\GEContexts</Filter>
    </ClCompile>
    <ClCompile Include="GEDrawingContext.cpp">
      <Filter>Archivos de origen\GEContexts</Filter>
    </ClCompile>
    <ClCompile Include="GEGraphicsContext.cpp">
      <Filter>Archivos de origen\GEContexts</Filter>
    </ClCompile>
    <ClCompile Include="GERenderingContext.cpp">
      <Filter>Archivos de origen\GEContexts</Filter>
    </ClCompile>
    <ClCompile Include="GEPipelineConfig.cpp">
      <Filter>Archivos de origen\GEContexts</Filter>
    </ClCompile>
    <ClCompile Include="GESkybox.cpp">
      <Filter>Archivos de origen</Filter>
    </ClCompile>
    <ClCompile Include="GEAgua.cpp">
      <Filter>Archivos de origen\GEComputeShader</Filter>
    </ClCompile>
  </ItemGroup>
  <ItemGroup>
    <ClInclude Include="GEApplication.h">
      <Filter>Archivos de encabezado</Filter>
    </ClInclude>
    <ClInclude Include="GECamera.h">
      <Filter>Archivos de encabezado</Filter>
    </ClInclude>
    <ClInclude Include="GEScene.h">
      <Filter>Archivos de encabezado</Filter>
    </ClInclude>
    <ClInclude Include="resource.h">
      <Filter>Archivos de encabezado</Filter>
    </ClInclude>
    <ClInclude Include="GECone.h">
      <Filter>Archivos de encabezado\GEFigures</Filter>
    </ClInclude>
    <ClInclude Include="GECube.h">
      <Filter>Archivos de encabezado\GEFigures</Filter>
    </ClInclude>
    <ClInclude Include="GECylinder.h">
      <Filter>Archivos de encabezado\GEFigures</Filter>
    </ClInclude>
    <ClInclude Include="GEFigure.h">
      <Filter>Archivos de encabezado\GEFigures</Filter>
    </ClInclude>
    <ClInclude Include="GEGround.h">
      <Filter>Archivos de encabezado\GEFigures</Filter>
    </ClInclude>
    <ClInclude Include="GEIcosahedron.h">
      <Filter>Archivos de encabezado\GEFigures</Filter>
    </ClInclude>
    <ClInclude Include="GEPyramid.h">
      <Filter>Archivos de encabezado\GEFigures</Filter>
    </ClInclude>
    <ClInclude Include="GESphere.h">
      <Filter>Archivos de encabezado\GEFigures</Filter>
    </ClInclude>
    <ClInclude Include="GETorus.h">
      <Filter>Archivos de encabezado\GEFigures</Filter>
    </ClInclude>
    <ClInclude Include="GEParticlesSystem.h">
      <Filter>Archivos de encabezado\GEComputeShader</Filter>
    </ClInclude>
    <ClInclude Include="GEParticle.h">
      <Filter>Archivos de encabezado\GEComputeShader</Filter>
    </ClInclude>
    <ClInclude Include="GEComputeShader.h">
      <Filter>Archivos de encabezado\GEComputeShader</Filter>
    </ClInclude>
    <ClInclude Include="GEParticleBuffer.h">
      <Filter>Archivos de encabezado\GEComputeShader</Filter>
    </ClInclude>
    <ClInclude Include="GEDisk.h">
      <Filter>Archivos de encabezado\GEFigures</Filter>
    </ClInclude>
    <ClInclude Include="GEHumo.h">
      <Filter>Archivos de encabezado\GEComputeShader</Filter>
    </ClInclude>
    <ClInclude Include="GEEmitterParams.h">
      <Filter>Archivos de encabezado\GEComputeShader</Filter>
    </ClInclude>
    <ClInclude Include="GEFuego.h">
      <Filter>Archivos de encabezado\GEComputeShader</Filter>
    </ClInclude>
    <ClInclude Include="GEObject.h">
      <Filter>Archivos de encabezado\GEFigures</Filter>
    </ClInclude>
    <ClInclude Include="GEPiece.h">
      <Filter>Archivos de encabezado\GEFigures</Filter>
    </ClInclude>
    <ClInclude Include="GEDepthBuffer.h">
      <Filter>Archivos de encabezado\GEBuffers</Filter>
    </ClInclude>
    <ClInclude Include="GEDescriptorSet.h">
      <Filter>Archivos de encabezado\GEBuffers</Filter>
    </ClInclude>
    <ClInclude Include="GEIndexBuffer.h">
      <Filter>Archivos de encabezado\GEBuffers</Filter>
    </ClInclude>
    <ClInclude Include="GETexture.h">
      <Filter>Archivos de encabezado\GEBuffers</Filter>
    </ClInclude>
    <ClInclude Include="GEUniformBuffer.h">
      <Filter>Archivos de encabezado\GEBuffers</Filter>
    </ClInclude>
    <ClInclude Include="GEVertexBuffer.h">
      <Filter>Archivos de encabezado\GEBuffers</Filter>
    </ClInclude>
    <ClInclude Include="GECommandContext.h">
      <Filter>Archivos de encabezado\GEContexts</Filter>
    </ClInclude>
    <ClInclude Include="GEDrawingContext.h">
      <Filter>Archivos de encabezado\GEContexts</Filter>
    </ClInclude>
    <ClInclude Include="GEGraphicsContext.h">
      <Filter>Archivos de encabezado\GEContexts</Filter>
    </ClInclude>
    <ClInclude Include="GEPipelineConfig.h">
      <Filter>Archivos de encabezado\GEContexts</Filter>
    </ClInclude>
    <ClInclude Include="GERenderingContext.h">
      <Filter>Archivos de encabezado\GEContexts</Filter>
    </ClInclude>
    <ClInclude Include="GELight.h">
      <Filter>Archivos de encabezado\GEStructs</Filter>
    </ClInclude>
    <ClInclude Include="GEMaterial.h">
      <Filter>Archivos de encabezado\GEStructs</Filter>
    </ClInclude>
    <ClInclude Include="GETransform.h">
      <Filter>Archivos de encabezado\GEStructs</Filter>
    </ClInclude>
    <ClInclude Include="GEVertex.h">
      <Filter>Archivos de encabezado\GEStructs</Filter>
    </ClInclude>
    <ClInclude Include="GEWindowPosition.h">
      <Filter>Archivos de encabezado\GEStructs</Filter>
    </ClInclude>
    <ClInclude Include="GESkyboxTransform.h">
      <Filter>Archivos de encabezado\GEStructs</Filter>
    </ClInclude>
    <ClInclude Include="GESkyboxVertex.h">
      <Filter>Archivos de encabezado\GEStructs</Filter>
    </ClInclude>
    <ClInclude Include="GESkybox.h">
      <Filter>Archivos de encabezado</Filter>
    </ClInclude>
    <ClInclude Include="commonDebug.h">
      <Filter>Archivos de encabezado</Filter>
    </ClInclude>
    <ClInclude Include="GEAgua.h">
      <Filter>Archivos de encabezado\GEComputeShader</Filter>
    </ClInclude>
  </ItemGroup>
  <ItemGroup>
    <ResourceCompile Include="Project6.rc">
      <Filter>Archivos de recursos</Filter>
    </ResourceCompile>
  </ItemGroup>
  <ItemGroup>
    <None Include="shaders\comp.vert.spv">
      <Filter>Archivos de recursos</Filter>
    </None>
    <None Include="shaders\comp.frag.spv">
      <Filter>Archivos de recursos</Filter>
    </None>
    <None Include="shaders\comp.spv">
      <Filter>Archivos de recursos</Filter>
    </None>
    <None Include="shaders\frag.spv">
      <Filter>Archivos de recursos</Filter>
    </None>
    <None Include="shaders\vert.spv">
      <Filter>Archivos de recursos</Filter>
    </None>
    <None Include="shaders\skybox_frag.spv">
      <Filter>Archivos de recursos</Filter>
    </None>
    <None Include="shaders\skybox_vert.spv">
      <Filter>Archivos de recursos</Filter>
    </None>
  </ItemGroup>
  <ItemGroup>
    <Image Include="..\..\..\Icon\toy.ico">
      <Filter>Archivos de recursos</Filter>
    </Image>
  </ItemGroup>
</Project>